// !$*UTF8*$!
{
	archiveVersion = 1;
	classes = {
	};
	objectVersion = 50;
	objects = {

/* Begin PBXBuildFile section */
		9D1D0C3F26B9ECD800EFFD32 /* AppDelegate.swift in Sources */ = {isa = PBXBuildFile; fileRef = 9D1D0C3E26B9ECD800EFFD32 /* AppDelegate.swift */; };
		9D1D0C4126B9ECD800EFFD32 /* SceneDelegate.swift in Sources */ = {isa = PBXBuildFile; fileRef = 9D1D0C4026B9ECD800EFFD32 /* SceneDelegate.swift */; };
		9D1D0C4326B9ECD800EFFD32 /* ViewController.swift in Sources */ = {isa = PBXBuildFile; fileRef = 9D1D0C4226B9ECD800EFFD32 /* ViewController.swift */; };
		9D1D0C4626B9ECD800EFFD32 /* Main.storyboard in Resources */ = {isa = PBXBuildFile; fileRef = 9D1D0C4426B9ECD800EFFD32 /* Main.storyboard */; };
		9D1D0C4826B9ECD900EFFD32 /* Assets.xcassets in Resources */ = {isa = PBXBuildFile; fileRef = 9D1D0C4726B9ECD900EFFD32 /* Assets.xcassets */; };
		9D1D0C4B26B9ECD900EFFD32 /* LaunchScreen.storyboard in Resources */ = {isa = PBXBuildFile; fileRef = 9D1D0C4926B9ECD900EFFD32 /* LaunchScreen.storyboard */; };
		9D1D0C5626B9ECD900EFFD32 /* Code_Path_Pre_WorkTests.swift in Sources */ = {isa = PBXBuildFile; fileRef = 9D1D0C5526B9ECD900EFFD32 /* Code_Path_Pre_WorkTests.swift */; };
		9D1D0C6126B9ECD900EFFD32 /* Code_Path_Pre_WorkUITests.swift in Sources */ = {isa = PBXBuildFile; fileRef = 9D1D0C6026B9ECD900EFFD32 /* Code_Path_Pre_WorkUITests.swift */; };
		9D1D0C7026BA294400EFFD32 /* no.storyboard in Resources */ = {isa = PBXBuildFile; fileRef = 9D1D0C6E26BA294400EFFD32 /* no.storyboard */; };
		9D1D0C7226BA2B4200EFFD32 /* Code Path Pre-Work in Resources */ = {isa = PBXBuildFile; fileRef = 9D1D0C7126BA2B4200EFFD32 /* Code Path Pre-Work */; };
		9D1D0C7326BA2B4200EFFD32 /* Code Path Pre-Work in Resources */ = {isa = PBXBuildFile; fileRef = 9D1D0C7126BA2B4200EFFD32 /* Code Path Pre-Work */; };
		9D1D0C7426BA2B4200EFFD32 /* Code Path Pre-Work in Resources */ = {isa = PBXBuildFile; fileRef = 9D1D0C7126BA2B4200EFFD32 /* Code Path Pre-Work */; };
/* End PBXBuildFile section */

/* Begin PBXContainerItemProxy section */
		9D1D0C5226B9ECD900EFFD32 /* PBXContainerItemProxy */ = {
			isa = PBXContainerItemProxy;
			containerPortal = 9D1D0C3326B9ECD800EFFD32 /* Project object */;
			proxyType = 1;
			remoteGlobalIDString = 9D1D0C3A26B9ECD800EFFD32;
			remoteInfo = "Code Path Pre-Work";
		};
		9D1D0C5D26B9ECD900EFFD32 /* PBXContainerItemProxy */ = {
			isa = PBXContainerItemProxy;
			containerPortal = 9D1D0C3326B9ECD800EFFD32 /* Project object */;
			proxyType = 1;
			remoteGlobalIDString = 9D1D0C3A26B9ECD800EFFD32;
			remoteInfo = "Code Path Pre-Work";
		};
/* End PBXContainerItemProxy section */

/* Begin PBXFileReference section */
		9D1D0C3B26B9ECD800EFFD32 /* Code Path Pre-Work.app */ = {isa = PBXFileReference; explicitFileType = wrapper.application; includeInIndex = 0; path = "Code Path Pre-Work.app"; sourceTree = BUILT_PRODUCTS_DIR; };
		9D1D0C3E26B9ECD800EFFD32 /* AppDelegate.swift */ = {isa = PBXFileReference; lastKnownFileType = sourcecode.swift; path = AppDelegate.swift; sourceTree = "<group>"; };
		9D1D0C4026B9ECD800EFFD32 /* SceneDelegate.swift */ = {isa = PBXFileReference; lastKnownFileType = sourcecode.swift; path = SceneDelegate.swift; sourceTree = "<group>"; };
		9D1D0C4226B9ECD800EFFD32 /* ViewController.swift */ = {isa = PBXFileReference; lastKnownFileType = sourcecode.swift; path = ViewController.swift; sourceTree = "<group>"; };
		9D1D0C4526B9ECD800EFFD32 /* Base */ = {isa = PBXFileReference; lastKnownFileType = file.storyboard; name = Base; path = Base.lproj/Main.storyboard; sourceTree = "<group>"; };
		9D1D0C4726B9ECD900EFFD32 /* Assets.xcassets */ = {isa = PBXFileReference; lastKnownFileType = folder.assetcatalog; path = Assets.xcassets; sourceTree = "<group>"; };
		9D1D0C4A26B9ECD900EFFD32 /* Base */ = {isa = PBXFileReference; lastKnownFileType = file.storyboard; name = Base; path = Base.lproj/LaunchScreen.storyboard; sourceTree = "<group>"; };
		9D1D0C4C26B9ECD900EFFD32 /* Info.plist */ = {isa = PBXFileReference; lastKnownFileType = text.plist.xml; path = Info.plist; sourceTree = "<group>"; };
		9D1D0C5126B9ECD900EFFD32 /* Code Path Pre-WorkTests.xctest */ = {isa = PBXFileReference; explicitFileType = wrapper.cfbundle; includeInIndex = 0; path = "Code Path Pre-WorkTests.xctest"; sourceTree = BUILT_PRODUCTS_DIR; };
		9D1D0C5526B9ECD900EFFD32 /* Code_Path_Pre_WorkTests.swift */ = {isa = PBXFileReference; lastKnownFileType = sourcecode.swift; path = Code_Path_Pre_WorkTests.swift; sourceTree = "<group>"; };
		9D1D0C5726B9ECD900EFFD32 /* Info.plist */ = {isa = PBXFileReference; lastKnownFileType = text.plist.xml; path = Info.plist; sourceTree = "<group>"; };
		9D1D0C5C26B9ECD900EFFD32 /* Code Path Pre-WorkUITests.xctest */ = {isa = PBXFileReference; explicitFileType = wrapper.cfbundle; includeInIndex = 0; path = "Code Path Pre-WorkUITests.xctest"; sourceTree = BUILT_PRODUCTS_DIR; };
		9D1D0C6026B9ECD900EFFD32 /* Code_Path_Pre_WorkUITests.swift */ = {isa = PBXFileReference; lastKnownFileType = sourcecode.swift; path = Code_Path_Pre_WorkUITests.swift; sourceTree = "<group>"; };
		9D1D0C6226B9ECD900EFFD32 /* Info.plist */ = {isa = PBXFileReference; lastKnownFileType = text.plist.xml; path = Info.plist; sourceTree = "<group>"; };
		9D1D0C6F26BA294400EFFD32 /* Base */ = {isa = PBXFileReference; lastKnownFileType = file.storyboard; name = Base; path = "Code Path Pre-Work/Base.lproj/no.storyboard"; sourceTree = "<group>"; };
		9D1D0C7126BA2B4200EFFD32 /* Code Path Pre-Work */ = {isa = PBXFileReference; lastKnownFileType = folder; name = "Code Path Pre-Work"; sourceTree = "<group>"; };
/* End PBXFileReference section */

/* Begin PBXFrameworksBuildPhase section */
		9D1D0C3826B9ECD800EFFD32 /* Frameworks */ = {
			isa = PBXFrameworksBuildPhase;
			buildActionMask = 2147483647;
			files = (
			);
			runOnlyForDeploymentPostprocessing = 0;
		};
		9D1D0C4E26B9ECD900EFFD32 /* Frameworks */ = {
			isa = PBXFrameworksBuildPhase;
			buildActionMask = 2147483647;
			files = (
			);
			runOnlyForDeploymentPostprocessing = 0;
		};
		9D1D0C5926B9ECD900EFFD32 /* Frameworks */ = {
			isa = PBXFrameworksBuildPhase;
			buildActionMask = 2147483647;
			files = (
			);
			runOnlyForDeploymentPostprocessing = 0;
		};
/* End PBXFrameworksBuildPhase section */

/* Begin PBXGroup section */
		9D1D0C3226B9ECD800EFFD32 = {
			isa = PBXGroup;
			children = (
				9D1D0C6E26BA294400EFFD32 /* no.storyboard */,
				9D1D0C3D26B9ECD800EFFD32 /* Code Path Pre-Work */,
				9D1D0C5426B9ECD900EFFD32 /* Code Path Pre-WorkTests */,
				9D1D0C5F26B9ECD900EFFD32 /* Code Path Pre-WorkUITests */,
				9D1D0C3C26B9ECD800EFFD32 /* Products */,
			);
			sourceTree = "<group>";
		};
		9D1D0C3C26B9ECD800EFFD32 /* Products */ = {
			isa = PBXGroup;
			children = (
				9D1D0C3B26B9ECD800EFFD32 /* Code Path Pre-Work.app */,
				9D1D0C5126B9ECD900EFFD32 /* Code Path Pre-WorkTests.xctest */,
				9D1D0C5C26B9ECD900EFFD32 /* Code Path Pre-WorkUITests.xctest */,
			);
			name = Products;
			sourceTree = "<group>";
		};
		9D1D0C3D26B9ECD800EFFD32 /* Code Path Pre-Work */ = {
			isa = PBXGroup;
			children = (
				9D1D0C7126BA2B4200EFFD32 /* Code Path Pre-Work */,
				9D1D0C3E26B9ECD800EFFD32 /* AppDelegate.swift */,
				9D1D0C4026B9ECD800EFFD32 /* SceneDelegate.swift */,
				9D1D0C4226B9ECD800EFFD32 /* ViewController.swift */,
				9D1D0C4426B9ECD800EFFD32 /* Main.storyboard */,
				9D1D0C4726B9ECD900EFFD32 /* Assets.xcassets */,
				9D1D0C4926B9ECD900EFFD32 /* LaunchScreen.storyboard */,
				9D1D0C4C26B9ECD900EFFD32 /* Info.plist */,
			);
			path = "Code Path Pre-Work";
			sourceTree = "<group>";
		};
		9D1D0C5426B9ECD900EFFD32 /* Code Path Pre-WorkTests */ = {
			isa = PBXGroup;
			children = (
				9D1D0C5526B9ECD900EFFD32 /* Code_Path_Pre_WorkTests.swift */,
				9D1D0C5726B9ECD900EFFD32 /* Info.plist */,
			);
			path = "Code Path Pre-WorkTests";
			sourceTree = "<group>";
		};
		9D1D0C5F26B9ECD900EFFD32 /* Code Path Pre-WorkUITests */ = {
			isa = PBXGroup;
			children = (
				9D1D0C6026B9ECD900EFFD32 /* Code_Path_Pre_WorkUITests.swift */,
				9D1D0C6226B9ECD900EFFD32 /* Info.plist */,
			);
			path = "Code Path Pre-WorkUITests";
			sourceTree = "<group>";
		};
/* End PBXGroup section */

/* Begin PBXNativeTarget section */
		9D1D0C3A26B9ECD800EFFD32 /* Code Path Pre-Work */ = {
			isa = PBXNativeTarget;
			buildConfigurationList = 9D1D0C6526B9ECD900EFFD32 /* Build configuration list for PBXNativeTarget "Code Path Pre-Work" */;
			buildPhases = (
				9D1D0C3726B9ECD800EFFD32 /* Sources */,
				9D1D0C3826B9ECD800EFFD32 /* Frameworks */,
				9D1D0C3926B9ECD800EFFD32 /* Resources */,
			);
			buildRules = (
			);
			dependencies = (
			);
			name = "Code Path Pre-Work";
			productName = "Code Path Pre-Work";
			productReference = 9D1D0C3B26B9ECD800EFFD32 /* Code Path Pre-Work.app */;
			productType = "com.apple.product-type.application";
		};
		9D1D0C5026B9ECD900EFFD32 /* Code Path Pre-WorkTests */ = {
			isa = PBXNativeTarget;
			buildConfigurationList = 9D1D0C6826B9ECD900EFFD32 /* Build configuration list for PBXNativeTarget "Code Path Pre-WorkTests" */;
			buildPhases = (
				9D1D0C4D26B9ECD900EFFD32 /* Sources */,
				9D1D0C4E26B9ECD900EFFD32 /* Frameworks */,
				9D1D0C4F26B9ECD900EFFD32 /* Resources */,
			);
			buildRules = (
			);
			dependencies = (
				9D1D0C5326B9ECD900EFFD32 /* PBXTargetDependency */,
			);
			name = "Code Path Pre-WorkTests";
			productName = "Code Path Pre-WorkTests";
			productReference = 9D1D0C5126B9ECD900EFFD32 /* Code Path Pre-WorkTests.xctest */;
			productType = "com.apple.product-type.bundle.unit-test";
		};
		9D1D0C5B26B9ECD900EFFD32 /* Code Path Pre-WorkUITests */ = {
			isa = PBXNativeTarget;
			buildConfigurationList = 9D1D0C6B26B9ECD900EFFD32 /* Build configuration list for PBXNativeTarget "Code Path Pre-WorkUITests" */;
			buildPhases = (
				9D1D0C5826B9ECD900EFFD32 /* Sources */,
				9D1D0C5926B9ECD900EFFD32 /* Frameworks */,
				9D1D0C5A26B9ECD900EFFD32 /* Resources */,
			);
			buildRules = (
			);
			dependencies = (
				9D1D0C5E26B9ECD900EFFD32 /* PBXTargetDependency */,
			);
			name = "Code Path Pre-WorkUITests";
			productName = "Code Path Pre-WorkUITests";
			productReference = 9D1D0C5C26B9ECD900EFFD32 /* Code Path Pre-WorkUITests.xctest */;
			productType = "com.apple.product-type.bundle.ui-testing";
		};
/* End PBXNativeTarget section */

/* Begin PBXProject section */
		9D1D0C3326B9ECD800EFFD32 /* Project object */ = {
			isa = PBXProject;
			attributes = {
				LastSwiftUpdateCheck = 1250;
				LastUpgradeCheck = 1250;
				TargetAttributes = {
					9D1D0C3A26B9ECD800EFFD32 = {
						CreatedOnToolsVersion = 12.5.1;
					};
					9D1D0C5026B9ECD900EFFD32 = {
						CreatedOnToolsVersion = 12.5.1;
						TestTargetID = 9D1D0C3A26B9ECD800EFFD32;
					};
					9D1D0C5B26B9ECD900EFFD32 = {
						CreatedOnToolsVersion = 12.5.1;
						TestTargetID = 9D1D0C3A26B9ECD800EFFD32;
					};
				};
			};
			buildConfigurationList = 9D1D0C3626B9ECD800EFFD32 /* Build configuration list for PBXProject "Code Path Pre-Work" */;
			compatibilityVersion = "Xcode 9.3";
			developmentRegion = en;
			hasScannedForEncodings = 0;
			knownRegions = (
				en,
				Base,
			);
			mainGroup = 9D1D0C3226B9ECD800EFFD32;
			productRefGroup = 9D1D0C3C26B9ECD800EFFD32 /* Products */;
			projectDirPath = "";
			projectRoot = "";
			targets = (
				9D1D0C3A26B9ECD800EFFD32 /* Code Path Pre-Work */,
				9D1D0C5026B9ECD900EFFD32 /* Code Path Pre-WorkTests */,
				9D1D0C5B26B9ECD900EFFD32 /* Code Path Pre-WorkUITests */,
			);
		};
/* End PBXProject section */

/* Begin PBXResourcesBuildPhase section */
		9D1D0C3926B9ECD800EFFD32 /* Resources */ = {
			isa = PBXResourcesBuildPhase;
			buildActionMask = 2147483647;
			files = (
				9D1D0C4B26B9ECD900EFFD32 /* LaunchScreen.storyboard in Resources */,
				9D1D0C7026BA294400EFFD32 /* no.storyboard in Resources */,
				9D1D0C7226BA2B4200EFFD32 /* Code Path Pre-Work in Resources */,
				9D1D0C4826B9ECD900EFFD32 /* Assets.xcassets in Resources */,
				9D1D0C4626B9ECD800EFFD32 /* Main.storyboard in Resources */,
			);
			runOnlyForDeploymentPostprocessing = 0;
		};
		9D1D0C4F26B9ECD900EFFD32 /* Resources */ = {
			isa = PBXResourcesBuildPhase;
			buildActionMask = 2147483647;
			files = (
				9D1D0C7326BA2B4200EFFD32 /* Code Path Pre-Work in Resources */,
			);
			runOnlyForDeploymentPostprocessing = 0;
		};
		9D1D0C5A26B9ECD900EFFD32 /* Resources */ = {
			isa = PBXResourcesBuildPhase;
			buildActionMask = 2147483647;
			files = (
				9D1D0C7426BA2B4200EFFD32 /* Code Path Pre-Work in Resources */,
			);
			runOnlyForDeploymentPostprocessing = 0;
		};
/* End PBXResourcesBuildPhase section */

/* Begin PBXSourcesBuildPhase section */
		9D1D0C3726B9ECD800EFFD32 /* Sources */ = {
			isa = PBXSourcesBuildPhase;
			buildActionMask = 2147483647;
			files = (
				9D1D0C4326B9ECD800EFFD32 /* ViewController.swift in Sources */,
				9D1D0C3F26B9ECD800EFFD32 /* AppDelegate.swift in Sources */,
				9D1D0C4126B9ECD800EFFD32 /* SceneDelegate.swift in Sources */,
			);
			runOnlyForDeploymentPostprocessing = 0;
		};
		9D1D0C4D26B9ECD900EFFD32 /* Sources */ = {
			isa = PBXSourcesBuildPhase;
			buildActionMask = 2147483647;
			files = (
				9D1D0C5626B9ECD900EFFD32 /* Code_Path_Pre_WorkTests.swift in Sources */,
			);
			runOnlyForDeploymentPostprocessing = 0;
		};
		9D1D0C5826B9ECD900EFFD32 /* Sources */ = {
			isa = PBXSourcesBuildPhase;
			buildActionMask = 2147483647;
			files = (
				9D1D0C6126B9ECD900EFFD32 /* Code_Path_Pre_WorkUITests.swift in Sources */,
			);
			runOnlyForDeploymentPostprocessing = 0;
		};
/* End PBXSourcesBuildPhase section */

/* Begin PBXTargetDependency section */
		9D1D0C5326B9ECD900EFFD32 /* PBXTargetDependency */ = {
			isa = PBXTargetDependency;
			target = 9D1D0C3A26B9ECD800EFFD32 /* Code Path Pre-Work */;
			targetProxy = 9D1D0C5226B9ECD900EFFD32 /* PBXContainerItemProxy */;
		};
		9D1D0C5E26B9ECD900EFFD32 /* PBXTargetDependency */ = {
			isa = PBXTargetDependency;
			target = 9D1D0C3A26B9ECD800EFFD32 /* Code Path Pre-Work */;
			targetProxy = 9D1D0C5D26B9ECD900EFFD32 /* PBXContainerItemProxy */;
		};
/* End PBXTargetDependency section */

/* Begin PBXVariantGroup section */
		9D1D0C4426B9ECD800EFFD32 /* Main.storyboard */ = {
			isa = PBXVariantGroup;
			children = (
				9D1D0C4526B9ECD800EFFD32 /* Base */,
			);
			name = Main.storyboard;
			sourceTree = "<group>";
		};
		9D1D0C4926B9ECD900EFFD32 /* LaunchScreen.storyboard */ = {
			isa = PBXVariantGroup;
			children = (
				9D1D0C4A26B9ECD900EFFD32 /* Base */,
			);
			name = LaunchScreen.storyboard;
			sourceTree = "<group>";
		};
		9D1D0C6E26BA294400EFFD32 /* no.storyboard */ = {
			isa = PBXVariantGroup;
			children = (
				9D1D0C6F26BA294400EFFD32 /* Base */,
			);
			name = no.storyboard;
			sourceTree = "<group>";
		};
/* End PBXVariantGroup section */

/* Begin XCBuildConfiguration section */
		9D1D0C6326B9ECD900EFFD32 /* Debug */ = {
			isa = XCBuildConfiguration;
			buildSettings = {
				ALWAYS_SEARCH_USER_PATHS = NO;
				CLANG_ANALYZER_NONNULL = YES;
				CLANG_ANALYZER_NUMBER_OBJECT_CONVERSION = YES_AGGRESSIVE;
				CLANG_CXX_LANGUAGE_STANDARD = "gnu++14";
				CLANG_CXX_LIBRARY = "libc++";
				CLANG_ENABLE_MODULES = YES;
				CLANG_ENABLE_OBJC_ARC = YES;
				CLANG_ENABLE_OBJC_WEAK = YES;
				CLANG_WARN_BLOCK_CAPTURE_AUTORELEASING = YES;
				CLANG_WARN_BOOL_CONVERSION = YES;
				CLANG_WARN_COMMA = YES;
				CLANG_WARN_CONSTANT_CONVERSION = YES;
				CLANG_WARN_DEPRECATED_OBJC_IMPLEMENTATIONS = YES;
				CLANG_WARN_DIRECT_OBJC_ISA_USAGE = YES_ERROR;
				CLANG_WARN_DOCUMENTATION_COMMENTS = YES;
				CLANG_WARN_EMPTY_BODY = YES;
				CLANG_WARN_ENUM_CONVERSION = YES;
				CLANG_WARN_INFINITE_RECURSION = YES;
				CLANG_WARN_INT_CONVERSION = YES;
				CLANG_WARN_NON_LITERAL_NULL_CONVERSION = YES;
				CLANG_WARN_OBJC_IMPLICIT_RETAIN_SELF = YES;
				CLANG_WARN_OBJC_LITERAL_CONVERSION = YES;
				CLANG_WARN_OBJC_ROOT_CLASS = YES_ERROR;
				CLANG_WARN_QUOTED_INCLUDE_IN_FRAMEWORK_HEADER = YES;
				CLANG_WARN_RANGE_LOOP_ANALYSIS = YES;
				CLANG_WARN_STRICT_PROTOTYPES = YES;
				CLANG_WARN_SUSPICIOUS_MOVE = YES;
				CLANG_WARN_UNGUARDED_AVAILABILITY = YES_AGGRESSIVE;
				CLANG_WARN_UNREACHABLE_CODE = YES;
				CLANG_WARN__DUPLICATE_METHOD_MATCH = YES;
				COPY_PHASE_STRIP = NO;
				DEBUG_INFORMATION_FORMAT = dwarf;
				ENABLE_STRICT_OBJC_MSGSEND = YES;
				ENABLE_TESTABILITY = YES;
				GCC_C_LANGUAGE_STANDARD = gnu11;
				GCC_DYNAMIC_NO_PIC = NO;
				GCC_NO_COMMON_BLOCKS = YES;
				GCC_OPTIMIZATION_LEVEL = 0;
				GCC_PREPROCESSOR_DEFINITIONS = (
					"DEBUG=1",
					"$(inherited)",
				);
				GCC_WARN_64_TO_32_BIT_CONVERSION = YES;
				GCC_WARN_ABOUT_RETURN_TYPE = YES_ERROR;
				GCC_WARN_UNDECLARED_SELECTOR = YES;
				GCC_WARN_UNINITIALIZED_AUTOS = YES_AGGRESSIVE;
				GCC_WARN_UNUSED_FUNCTION = YES;
				GCC_WARN_UNUSED_VARIABLE = YES;
				IPHONEOS_DEPLOYMENT_TARGET = 14.5;
				MTL_ENABLE_DEBUG_INFO = INCLUDE_SOURCE;
				MTL_FAST_MATH = YES;
				ONLY_ACTIVE_ARCH = YES;
				SDKROOT = iphoneos;
				SWIFT_ACTIVE_COMPILATION_CONDITIONS = DEBUG;
				SWIFT_OPTIMIZATION_LEVEL = "-Onone";
			};
			name = Debug;
		};
		9D1D0C6426B9ECD900EFFD32 /* Release */ = {
			isa = XCBuildConfiguration;
			buildSettings = {
				ALWAYS_SEARCH_USER_PATHS = NO;
				CLANG_ANALYZER_NONNULL = YES;
				CLANG_ANALYZER_NUMBER_OBJECT_CONVERSION = YES_AGGRESSIVE;
				CLANG_CXX_LANGUAGE_STANDARD = "gnu++14";
				CLANG_CXX_LIBRARY = "libc++";
				CLANG_ENABLE_MODULES = YES;
				CLANG_ENABLE_OBJC_ARC = YES;
				CLANG_ENABLE_OBJC_WEAK = YES;
				CLANG_WARN_BLOCK_CAPTURE_AUTORELEASING = YES;
				CLANG_WARN_BOOL_CONVERSION = YES;
				CLANG_WARN_COMMA = YES;
				CLANG_WARN_CONSTANT_CONVERSION = YES;
				CLANG_WARN_DEPRECATED_OBJC_IMPLEMENTATIONS = YES;
				CLANG_WARN_DIRECT_OBJC_ISA_USAGE = YES_ERROR;
				CLANG_WARN_DOCUMENTATION_COMMENTS = YES;
				CLANG_WARN_EMPTY_BODY = YES;
				CLANG_WARN_ENUM_CONVERSION = YES;
				CLANG_WARN_INFINITE_RECURSION = YES;
				CLANG_WARN_INT_CONVERSION = YES;
				CLANG_WARN_NON_LITERAL_NULL_CONVERSION = YES;
				CLANG_WARN_OBJC_IMPLICIT_RETAIN_SELF = YES;
				CLANG_WARN_OBJC_LITERAL_CONVERSION = YES;
				CLANG_WARN_OBJC_ROOT_CLASS = YES_ERROR;
				CLANG_WARN_QUOTED_INCLUDE_IN_FRAMEWORK_HEADER = YES;
				CLANG_WARN_RANGE_LOOP_ANALYSIS = YES;
				CLANG_WARN_STRICT_PROTOTYPES = YES;
				CLANG_WARN_SUSPICIOUS_MOVE = YES;
				CLANG_WARN_UNGUARDED_AVAILABILITY = YES_AGGRESSIVE;
				CLANG_WARN_UNREACHABLE_CODE = YES;
				CLANG_WARN__DUPLICATE_METHOD_MATCH = YES;
				COPY_PHASE_STRIP = NO;
				DEBUG_INFORMATION_FORMAT = "dwarf-with-dsym";
				ENABLE_NS_ASSERTIONS = NO;
				ENABLE_STRICT_OBJC_MSGSEND = YES;
				GCC_C_LANGUAGE_STANDARD = gnu11;
				GCC_NO_COMMON_BLOCKS = YES;
				GCC_WARN_64_TO_32_BIT_CONVERSION = YES;
				GCC_WARN_ABOUT_RETURN_TYPE = YES_ERROR;
				GCC_WARN_UNDECLARED_SELECTOR = YES;
				GCC_WARN_UNINITIALIZED_AUTOS = YES_AGGRESSIVE;
				GCC_WARN_UNUSED_FUNCTION = YES;
				GCC_WARN_UNUSED_VARIABLE = YES;
				IPHONEOS_DEPLOYMENT_TARGET = 14.5;
				MTL_ENABLE_DEBUG_INFO = NO;
				MTL_FAST_MATH = YES;
				SDKROOT = iphoneos;
				SWIFT_COMPILATION_MODE = wholemodule;
				SWIFT_OPTIMIZATION_LEVEL = "-O";
				VALIDATE_PRODUCT = YES;
			};
			name = Release;
		};
		9D1D0C6626B9ECD900EFFD32 /* Debug */ = {
			isa = XCBuildConfiguration;
			buildSettings = {
				ASSETCATALOG_COMPILER_APPICON_NAME = AppIcon;
				ASSETCATALOG_COMPILER_GLOBAL_ACCENT_COLOR_NAME = AccentColor;
				CODE_SIGN_STYLE = Automatic;
				DEVELOPMENT_TEAM = 68HKXBAM3S;
				INFOPLIST_FILE = "Code Path Pre-Work/Info.plist";
				LD_RUNPATH_SEARCH_PATHS = (
					"$(inherited)",
					"@executable_path/Frameworks",
				);
				PRODUCT_BUNDLE_IDENTIFIER = "hi.Code-Path-Pre-Work";
				PRODUCT_NAME = "$(TARGET_NAME)";
				SWIFT_VERSION = 5.0;
				TARGETED_DEVICE_FAMILY = "1,2";
			};
			name = Debug;
		};
		9D1D0C6726B9ECD900EFFD32 /* Release */ = {
			isa = XCBuildConfiguration;
			buildSettings = {
				ASSETCATALOG_COMPILER_APPICON_NAME = AppIcon;
				ASSETCATALOG_COMPILER_GLOBAL_ACCENT_COLOR_NAME = AccentColor;
				CODE_SIGN_STYLE = Automatic;
				DEVELOPMENT_TEAM = 68HKXBAM3S;
				INFOPLIST_FILE = "Code Path Pre-Work/Info.plist";
				LD_RUNPATH_SEARCH_PATHS = (
					"$(inherited)",
					"@executable_path/Frameworks",
				);
				PRODUCT_BUNDLE_IDENTIFIER = "hi.Code-Path-Pre-Work";
				PRODUCT_NAME = "$(TARGET_NAME)";
				SWIFT_VERSION = 5.0;
				TARGETED_DEVICE_FAMILY = "1,2";
			};
			name = Release;
		};
		9D1D0C6926B9ECD900EFFD32 /* Debug */ = {
			isa = XCBuildConfiguration;
			buildSettings = {
				ALWAYS_EMBED_SWIFT_STANDARD_LIBRARIES = YES;
				BUNDLE_LOADER = "$(TEST_HOST)";
				CODE_SIGN_STYLE = Automatic;
				DEVELOPMENT_TEAM = 68HKXBAM3S;
				INFOPLIST_FILE = "Code Path Pre-WorkTests/Info.plist";
				IPHONEOS_DEPLOYMENT_TARGET = 14.5;
				LD_RUNPATH_SEARCH_PATHS = (
					"$(inherited)",
					"@executable_path/Frameworks",
					"@loader_path/Frameworks",
				);
				PRODUCT_BUNDLE_IDENTIFIER = "hi.Code-Path-Pre-WorkTests";
				PRODUCT_NAME = "$(TARGET_NAME)";
				SWIFT_VERSION = 5.0;
				TARGETED_DEVICE_FAMILY = "1,2";
				TEST_HOST = "$(BUILT_PRODUCTS_DIR)/Code Path Pre-Work.app/Code Path Pre-Work";
			};
			name = Debug;
		};
		9D1D0C6A26B9ECD900EFFD32 /* Release */ = {
			isa = XCBuildConfiguration;
			buildSettings = {
				ALWAYS_EMBED_SWIFT_STANDARD_LIBRARIES = YES;
				BUNDLE_LOADER = "$(TEST_HOST)";
				CODE_SIGN_STYLE = Automatic;
				DEVELOPMENT_TEAM = 68HKXBAM3S;
				INFOPLIST_FILE = "Code Path Pre-WorkTests/Info.plist";
				IPHONEOS_DEPLOYMENT_TARGET = 14.5;
				LD_RUNPATH_SEARCH_PATHS = (
					"$(inherited)",
					"@executable_path/Frameworks",
					"@loader_path/Frameworks",
				);
				PRODUCT_BUNDLE_IDENTIFIER = "hi.Code-Path-Pre-WorkTests";
				PRODUCT_NAME = "$(TARGET_NAME)";
				SWIFT_VERSION = 5.0;
				TARGETED_DEVICE_FAMILY = "1,2";
				TEST_HOST = "$(BUILT_PRODUCTS_DIR)/Code Path Pre-Work.app/Code Path Pre-Work";
			};
			name = Release;
		};
		9D1D0C6C26B9ECD900EFFD32 /* Debug */ = {
			isa = XCBuildConfiguration;
			buildSettings = {
				ALWAYS_EMBED_SWIFT_STANDARD_LIBRARIES = YES;
				CODE_SIGN_STYLE = Automatic;
				DEVELOPMENT_TEAM = 68HKXBAM3S;
				INFOPLIST_FILE = "Code Path Pre-WorkUITests/Info.plist";
				LD_RUNPATH_SEARCH_PATHS = (
					"$(inherited)",
					"@executable_path/Frameworks",
					"@loader_path/Frameworks",
				);
				PRODUCT_BUNDLE_IDENTIFIER = "hi.Code-Path-Pre-WorkUITests";
				PRODUCT_NAME = "$(TARGET_NAME)";
				SWIFT_VERSION = 5.0;
				TARGETED_DEVICE_FAMILY = "1,2";
				TEST_TARGET_NAME = "Code Path Pre-Work";
			};
			name = Debug;
		};
		9D1D0C6D26B9ECD900EFFD32 /* Release */ = {
			isa = XCBuildConfiguration;
			buildSettings = {
				ALWAYS_EMBED_SWIFT_STANDARD_LIBRARIES = YES;
				CODE_SIGN_STYLE = Automatic;
				DEVELOPMENT_TEAM = 68HKXBAM3S;
				INFOPLIST_FILE = "Code Path Pre-WorkUITests/Info.plist";
				LD_RUNPATH_SEARCH_PATHS = (
					"$(inherited)",
					"@executable_path/Frameworks",
					"@loader_path/Frameworks",
				);
				PRODUCT_BUNDLE_IDENTIFIER = "hi.Code-Path-Pre-WorkUITests";
				PRODUCT_NAME = "$(TARGET_NAME)";
				SWIFT_VERSION = 5.0;
				TARGETED_DEVICE_FAMILY = "1,2";
				TEST_TARGET_NAME = "Code Path Pre-Work";
			};
			name = Release;
		};
/* End XCBuildConfiguration section */

/* Begin XCConfigurationList section */
		9D1D0C3626B9ECD800EFFD32 /* Build configuration list for PBXProject "Code Path Pre-Work" */ = {
			isa = XCConfigurationList;
			buildConfigurations = (
				9D1D0C6326B9ECD900EFFD32 /* Debug */,
				9D1D0C6426B9ECD900EFFD32 /* Release */,
			);
			defaultConfigurationIsVisible = 0;
			defaultConfigurationName = Release;
		};
		9D1D0C6526B9ECD900EFFD32 /* Build configuration list for PBXNativeTarget "Code Path Pre-Work" */ = {
			isa = XCConfigurationList;
			buildConfigurations = (
				9D1D0C6626B9ECD900EFFD32 /* Debug */,
				9D1D0C6726B9ECD900EFFD32 /* Release */,
			);
			defaultConfigurationIsVisible = 0;
			defaultConfigurationName = Release;
		};
		9D1D0C6826B9ECD900EFFD32 /* Build configuration list for PBXNativeTarget "Code Path Pre-WorkTests" */ = {
			isa = XCConfigurationList;
			buildConfigurations = (
				9D1D0C6926B9ECD900EFFD32 /* Debug */,
				9D1D0C6A26B9ECD900EFFD32 /* Release */,
			);
			defaultConfigurationIsVisible = 0;
			defaultConfigurationName = Release;
		};
		9D1D0C6B26B9ECD900EFFD32 /* Build configuration list for PBXNativeTarget "Code Path Pre-WorkUITests" */ = {
			isa = XCConfigurationList;
			buildConfigurations = (
				9D1D0C6C26B9ECD900EFFD32 /* Debug */,
				9D1D0C6D26B9ECD900EFFD32 /* Release */,
			);
			defaultConfigurationIsVisible = 0;
			defaultConfigurationName = Release;
		};
/* End XCConfigurationList section */
	};
	rootObject = 9D1D0C3326B9ECD800EFFD32 /* Project object */;
}
